
Microsoft Visual Studio Solution File, Format Version 10.00
# Visual Studio 2008
Project("{8BC9CEB8-8B4A-11D0-8D11-00A0C91BC942}") = "T09ANIM", "T09ANIM.vcproj", "{BD019BD4-A393-47A7-9B8F-3504F613010F}"
EndProject
Global
	GlobalSection(SolutionConfigurationPlatforms) = preSolution
		Debug|Win32 = Debug|Win32
		Release|Win32 = Release|Win32
	EndGlobalSection
	GlobalSection(ProjectConfigurationPlatforms) = postSolution
		{BD019BD4-A393-47A7-9B8F-3504F613010F}.Debug|Win32.ActiveCfg = Debug|Win32
		{BD019BD4-A393-47A7-9B8F-3504F613010F}.Debug|Win32.Build.0 = Debug|Win32
		{BD019BD4-A393-47A7-9B8F-3504F613010F}.Release|Win32.ActiveCfg = Release|Win32
		{BD019BD4-A393-47A7-9B8F-3504F613010F}.Release|Win32.Build.0 = Release|Win32
	EndGlobalSection
	GlobalSection(SolutionProperties) = preSolution
		HideSolutionNode = FALSE
	EndGlobalSection
EndGlobal
